
Microsoft Visual Studio Solution File, Format Version 12.00
# Visual Studio Version 16
VisualStudioVersion = 16.0.30907.101
MinimumVisualStudioVersion = 10.0.40219.1
Project("{9A19103F-16F7-4668-BE54-9A1E7A4F7556}") = "s3827202_s3687609_a2", "s3827202_s3687609_a2\s3827202_s3687609_a2.csproj", "{409ED938-FC8D-4B95-B3D8-161A1DE50395}"
EndProject
Project("{FAE04EC0-301F-11D3-BF4B-00C04F79EFBC}") = "MbcaWebAPI", "MbcaWebAPI\MbcaWebAPI.csproj", "{8FF4803F-EBEC-416F-AA34-0AEA7DB2B9E5}"
EndProject
Project("{FAE04EC0-301F-11D3-BF4B-00C04F79EFBC}") = "McbaAdmin", "McbaAdmin\McbaAdmin.csproj", "{78C28335-D0A5-4340-8ABE-53EE49EF5630}"
EndProject
Global
	GlobalSection(SolutionConfigurationPlatforms) = preSolution
		Debug|Any CPU = Debug|Any CPU
		Release|Any CPU = Release|Any CPU
	EndGlobalSection
	GlobalSection(ProjectConfigurationPlatforms) = postSolution
		{409ED938-FC8D-4B95-B3D8-161A1DE50395}.Debug|Any CPU.ActiveCfg = Debug|Any CPU
		{409ED938-FC8D-4B95-B3D8-161A1DE50395}.Debug|Any CPU.Build.0 = Debug|Any CPU
		{409ED938-FC8D-4B95-B3D8-161A1DE50395}.Release|Any CPU.ActiveCfg = Release|Any CPU
		{409ED938-FC8D-4B95-B3D8-161A1DE50395}.Release|Any CPU.Build.0 = Release|Any CPU
		{8FF4803F-EBEC-416F-AA34-0AEA7DB2B9E5}.Debug|Any CPU.ActiveCfg = Debug|Any CPU
		{8FF4803F-EBEC-416F-AA34-0AEA7DB2B9E5}.Debug|Any CPU.Build.0 = Debug|Any CPU
		{8FF4803F-EBEC-416F-AA34-0AEA7DB2B9E5}.Release|Any CPU.ActiveCfg = Release|Any CPU
		{8FF4803F-EBEC-416F-AA34-0AEA7DB2B9E5}.Release|Any CPU.Build.0 = Release|Any CPU
		{78C28335-D0A5-4340-8ABE-53EE49EF5630}.Debug|Any CPU.ActiveCfg = Debug|Any CPU
		{78C28335-D0A5-4340-8ABE-53EE49EF5630}.Debug|Any CPU.Build.0 = Debug|Any CPU
		{78C28335-D0A5-4340-8ABE-53EE49EF5630}.Release|Any CPU.ActiveCfg = Release|Any CPU
		{78C28335-D0A5-4340-8ABE-53EE49EF5630}.Release|Any CPU.Build.0 = Release|Any CPU
	EndGlobalSection
	GlobalSection(SolutionProperties) = preSolution
		HideSolutionNode = FALSE
	EndGlobalSection
	GlobalSection(ExtensibilityGlobals) = postSolution
		SolutionGuid = {08E37A90-F791-4BCC-88B5-2E63E587D8A8}
	EndGlobalSection
EndGlobal
